// !$*UTF8*$!
{
	archiveVersion = 1;
	classes = {
	};
	objectVersion = 56;
	objects = {

/* Begin PBXBuildFile section */
		38579B0628E5E31100E978AE /* main.swift in Sources */ = {isa = PBXBuildFile; fileRef = 38BC8FE128D337770076D0CA /* main.swift */; };
/* End PBXBuildFile section */

/* Begin PBXCopyFilesBuildPhase section */
		38BC8FDC28D337770076D0CA /* CopyFiles */ = {
			isa = PBXCopyFilesBuildPhase;
			buildActionMask = 2147483647;
			dstPath = /usr/share/man/man1/;
			dstSubfolderSpec = 0;
			files = (
			);
			runOnlyForDeploymentPostprocessing = 1;
		};
/* End PBXCopyFilesBuildPhase section */

/* Begin PBXFileReference section */
		380D7FA228E162DE00B72D20 /* 짝수와홀수.swift */ = {isa = PBXFileReference; lastKnownFileType = sourcecode.swift; path = "짝수와홀수.swift"; sourceTree = "<group>"; };
		380D7FA428E1638400B72D20 /* 약수의 합.swift */ = {isa = PBXFileReference; lastKnownFileType = sourcecode.swift; path = "약수의 합.swift"; sourceTree = "<group>"; };
		380D7FA728E167A500B72D20 /* 자릿수더하기.swift */ = {isa = PBXFileReference; lastKnownFileType = sourcecode.swift; path = "자릿수더하기.swift"; sourceTree = "<group>"; };
		380D7FA928E1686B00B72D20 /* 자연수뒤집어배열로만들기.swift */ = {isa = PBXFileReference; lastKnownFileType = sourcecode.swift; path = "자연수뒤집어배열로만들기.swift"; sourceTree = "<group>"; };
		380D7FAD28E1730900B72D20 /* 평균구하기.swift */ = {isa = PBXFileReference; lastKnownFileType = sourcecode.swift; path = "평균구하기.swift"; sourceTree = "<group>"; };
		380D7FAF28E1737500B72D20 /* 정수제곱근판별.swift */ = {isa = PBXFileReference; lastKnownFileType = sourcecode.swift; path = "정수제곱근판별.swift"; sourceTree = "<group>"; };
		3820C96C28E4A5A500D78F41 /* 숫자 문자열과 영단어.swift */ = {isa = PBXFileReference; lastKnownFileType = sourcecode.swift; path = "숫자 문자열과 영단어.swift"; sourceTree = "<group>"; };
		3820C96E28E4A5C800D78F41 /* 두개뽑아서더하기.swift */ = {isa = PBXFileReference; lastKnownFileType = sourcecode.swift; path = "두개뽑아서더하기.swift"; sourceTree = "<group>"; };
		3820C97028E4B28B00D78F41 /* 2016년.swift */ = {isa = PBXFileReference; lastKnownFileType = sourcecode.swift; path = "2016년.swift"; sourceTree = "<group>"; };
		38512A1A28E6BA700083F4A5 /* 체육복.swift */ = {isa = PBXFileReference; lastKnownFileType = sourcecode.swift; path = "체육복.swift"; sourceTree = "<group>"; };
		38512A1C28E6CA7C0083F4A5 /* 키패드누르기.swift */ = {isa = PBXFileReference; lastKnownFileType = sourcecode.swift; path = "키패드누르기.swift"; sourceTree = "<group>"; };
		38512A1E28E6CA880083F4A5 /* 크레인인형뽑기게임.swift */ = {isa = PBXFileReference; lastKnownFileType = sourcecode.swift; path = "크레인인형뽑기게임.swift"; sourceTree = "<group>"; };
		38512A2028E705B10083F4A5 /* 성격유형검사하기.swift */ = {isa = PBXFileReference; lastKnownFileType = sourcecode.swift; path = "성격유형검사하기.swift"; sourceTree = "<group>"; };
		38512A2228E708520083F4A5 /* 신고결과받기.swift */ = {isa = PBXFileReference; lastKnownFileType = sourcecode.swift; path = "신고결과받기.swift"; sourceTree = "<group>"; };
		38512A2428E708760083F4A5 /* 신규아이디추천.swift */ = {isa = PBXFileReference; lastKnownFileType = sourcecode.swift; path = "신규아이디추천.swift"; sourceTree = "<group>"; };
		38512A2728E708D50083F4A5 /* 최대값과 최솟값.swift */ = {isa = PBXFileReference; lastKnownFileType = sourcecode.swift; path = "최대값과 최솟값.swift"; sourceTree = "<group>"; };
		38512A2928E70EB30083F4A5 /* JadenCase문자열만들기.swift */ = {isa = PBXFileReference; lastKnownFileType = sourcecode.swift; path = "JadenCase문자열만들기.swift"; sourceTree = "<group>"; };
		38512A2D28E71A090083F4A5 /* 최솟값만들기.swift */ = {isa = PBXFileReference; lastKnownFileType = sourcecode.swift; path = "최솟값만들기.swift"; sourceTree = "<group>"; };
		38512A2F28E71A170083F4A5 /* 이진변환반복하기.swift */ = {isa = PBXFileReference; lastKnownFileType = sourcecode.swift; path = "이진변환반복하기.swift"; sourceTree = "<group>"; };
		38512A3128E822370083F4A5 /* 올바른괄호.swift */ = {isa = PBXFileReference; lastKnownFileType = sourcecode.swift; path = "올바른괄호.swift"; sourceTree = "<group>"; };
		38512A3328E85CF80083F4A5 /* 피보나치수.swift */ = {isa = PBXFileReference; lastKnownFileType = sourcecode.swift; path = "피보나치수.swift"; sourceTree = "<group>"; };
		38512A3528E861CF0083F4A5 /* 다음큰숫자.swift */ = {isa = PBXFileReference; lastKnownFileType = sourcecode.swift; path = "다음큰숫자.swift"; sourceTree = "<group>"; };
		38512A3728E87A230083F4A5 /* 영어끝말잇기.swift */ = {isa = PBXFileReference; lastKnownFileType = sourcecode.swift; path = "영어끝말잇기.swift"; sourceTree = "<group>"; };
		38512A3928E87A430083F4A5 /* 카펫.swift */ = {isa = PBXFileReference; lastKnownFileType = sourcecode.swift; path = "카펫.swift"; sourceTree = "<group>"; };
		38512A3B28E87A560083F4A5 /* 짝지어제거하기.swift */ = {isa = PBXFileReference; lastKnownFileType = sourcecode.swift; path = "짝지어제거하기.swift"; sourceTree = "<group>"; };
		38512A3D28E884D90083F4A5 /* N개의최소공배수.swift */ = {isa = PBXFileReference; lastKnownFileType = sourcecode.swift; path = "N개의최소공배수.swift"; sourceTree = "<group>"; };
		38512A3F28E8895D0083F4A5 /* 예상대진표.swift */ = {isa = PBXFileReference; lastKnownFileType = sourcecode.swift; path = "예상대진표.swift"; sourceTree = "<group>"; };
		38512A4128E9675B0083F4A5 /* 점프와순간이동.swift */ = {isa = PBXFileReference; lastKnownFileType = sourcecode.swift; path = "점프와순간이동.swift"; sourceTree = "<group>"; };
		38512A4328E9676C0083F4A5 /* 멀리뛰기.swift */ = {isa = PBXFileReference; lastKnownFileType = sourcecode.swift; path = "멀리뛰기.swift"; sourceTree = "<group>"; };
		38512A4628E976110083F4A5 /* 캐시.swift */ = {isa = PBXFileReference; lastKnownFileType = sourcecode.swift; path = "캐시.swift"; sourceTree = "<group>"; };
		38512A4828E9761C0083F4A5 /* 행렬곱셈.swift */ = {isa = PBXFileReference; lastKnownFileType = sourcecode.swift; path = "행렬곱셈.swift"; sourceTree = "<group>"; };
		38512A4A28E98DAF0083F4A5 /* H-index.swift */ = {isa = PBXFileReference; lastKnownFileType = sourcecode.swift; path = "H-index.swift"; sourceTree = "<group>"; };
		38512A4C28E9E7520083F4A5 /* 괄호회전하기.swift */ = {isa = PBXFileReference; lastKnownFileType = sourcecode.swift; path = "괄호회전하기.swift"; sourceTree = "<group>"; };
		38512A4E28E9E7690083F4A5 /* 튜플.swift */ = {isa = PBXFileReference; lastKnownFileType = sourcecode.swift; path = "튜플.swift"; sourceTree = "<group>"; };
		38512A5028E9F7890083F4A5 /* n^2배열자르기.swift */ = {isa = PBXFileReference; lastKnownFileType = sourcecode.swift; path = "n^2배열자르기.swift"; sourceTree = "<group>"; };
		38579B0028E55AF500E978AE /* 모의고사.swift */ = {isa = PBXFileReference; lastKnownFileType = sourcecode.swift; path = "모의고사.swift"; sourceTree = "<group>"; };
		38579B0228E568CA00E978AE /* 소수만들기.swift */ = {isa = PBXFileReference; lastKnownFileType = sourcecode.swift; path = "소수만들기.swift"; sourceTree = "<group>"; };
		38579B0428E5E30400E978AE /* 다트게임.swift */ = {isa = PBXFileReference; lastKnownFileType = sourcecode.swift; path = "다트게임.swift"; sourceTree = "<group>"; };
		38579B0728E5E31700E978AE /* 실패율.swift */ = {isa = PBXFileReference; lastKnownFileType = sourcecode.swift; path = "실패율.swift"; sourceTree = "<group>"; };
		38579B0928E5FE0900E978AE /* 로또최고순위와최저순위.swift */ = {isa = PBXFileReference; lastKnownFileType = sourcecode.swift; path = "로또최고순위와최저순위.swift"; sourceTree = "<group>"; };
		3862951328EC14E300BB639B /* 위장.swift */ = {isa = PBXFileReference; lastKnownFileType = sourcecode.swift; path = "위장.swift"; sourceTree = "<group>"; };
		3862951528EC339000BB639B /* 기능개발.swift */ = {isa = PBXFileReference; lastKnownFileType = sourcecode.swift; path = "기능개발.swift"; sourceTree = "<group>"; };
		3862951728EC33B100BB639B /* 프린터.swift */ = {isa = PBXFileReference; lastKnownFileType = sourcecode.swift; path = "프린터.swift"; sourceTree = "<group>"; };
		3862951928EC537300BB639B /* k진수에서 소수개수 구하기.swift */ = {isa = PBXFileReference; lastKnownFileType = sourcecode.swift; path = "k진수에서 소수개수 구하기.swift"; sourceTree = "<group>"; };
		3862951B28EC5A5600BB639B /* 뉴스클러스터링.swift */ = {isa = PBXFileReference; lastKnownFileType = sourcecode.swift; path = "뉴스클러스터링.swift"; sourceTree = "<group>"; };
		3862951D28ED455600BB639B /* 주차 요금 계산.swift */ = {isa = PBXFileReference; lastKnownFileType = sourcecode.swift; path = "주차 요금 계산.swift"; sourceTree = "<group>"; };
		3862951F28ED81AD00BB639B /* 타겟넘버.swift */ = {isa = PBXFileReference; lastKnownFileType = sourcecode.swift; path = "타겟넘버.swift"; sourceTree = "<group>"; };
		3862952128ED8A0D00BB639B /* 압축.swift */ = {isa = PBXFileReference; lastKnownFileType = sourcecode.swift; path = "압축.swift"; sourceTree = "<group>"; };
		3862952328EDD7C600BB639B /* N진수게임.swift */ = {isa = PBXFileReference; lastKnownFileType = sourcecode.swift; path = "N진수게임.swift"; sourceTree = "<group>"; };
		3862954528F0045000BB639B /* 프렌즈4블록.swift */ = {isa = PBXFileReference; lastKnownFileType = sourcecode.swift; path = "프렌즈4블록.swift"; sourceTree = "<group>"; };
		3862954728F00D3800BB639B /* 피로도.swift */ = {isa = PBXFileReference; lastKnownFileType = sourcecode.swift; path = "피로도.swift"; sourceTree = "<group>"; };
		3862954928F012EC00BB639B /* 스킬트리.swift */ = {isa = PBXFileReference; lastKnownFileType = sourcecode.swift; path = "스킬트리.swift"; sourceTree = "<group>"; };
		3862954B28F0178400BB639B /* 파일명정렬.swift */ = {isa = PBXFileReference; lastKnownFileType = sourcecode.swift; path = "파일명정렬.swift"; sourceTree = "<group>"; };
		3862954D28F0179300BB639B /* 2개 이하로 다른 비트.swift */ = {isa = PBXFileReference; lastKnownFileType = sourcecode.swift; path = "2개 이하로 다른 비트.swift"; sourceTree = "<group>"; };
		3862954F28F0679C00BB639B /* 땅따먹기.swift */ = {isa = PBXFileReference; lastKnownFileType = sourcecode.swift; path = "땅따먹기.swift"; sourceTree = "<group>"; };
		3862955128F0764600BB639B /* 방문길이.swift */ = {isa = PBXFileReference; lastKnownFileType = sourcecode.swift; path = "방문길이.swift"; sourceTree = "<group>"; };
		3862955328F0971300BB639B /* 모음사전.swift */ = {isa = PBXFileReference; lastKnownFileType = sourcecode.swift; path = "모음사전.swift"; sourceTree = "<group>"; };
		3862955528F1472700BB639B /* 가장큰수.swift */ = {isa = PBXFileReference; lastKnownFileType = sourcecode.swift; path = "가장큰수.swift"; sourceTree = "<group>"; };
		38636A3628E17C4000B4E1AB /* 문자열내p와y의개수.swift */ = {isa = PBXFileReference; lastKnownFileType = sourcecode.swift; path = "문자열내p와y의개수.swift"; sourceTree = "<group>"; };
		38636A3828E18DD100B4E1AB /* x만큼간격이있는n개의숫자.swift */ = {isa = PBXFileReference; lastKnownFileType = sourcecode.swift; path = "x만큼간격이있는n개의숫자.swift"; sourceTree = "<group>"; };
		38636A3A28E1908E00B4E1AB /* 콜라스추측.swift */ = {isa = PBXFileReference; lastKnownFileType = sourcecode.swift; path = "콜라스추측.swift"; sourceTree = "<group>"; };
		38636A3C28E195C000B4E1AB /* 두정수사이의합.swift */ = {isa = PBXFileReference; lastKnownFileType = sourcecode.swift; path = "두정수사이의합.swift"; sourceTree = "<group>"; };
		38636A3E28E1979200B4E1AB /* 서울에서김서방찾기.swift */ = {isa = PBXFileReference; lastKnownFileType = sourcecode.swift; path = "서울에서김서방찾기.swift"; sourceTree = "<group>"; };
		38636A4028E199B700B4E1AB /* 핸드폰번호가리기.swift */ = {isa = PBXFileReference; lastKnownFileType = sourcecode.swift; path = "핸드폰번호가리기.swift"; sourceTree = "<group>"; };
		38636A4228E19DF400B4E1AB /* 제일작은수제거하기.swift */ = {isa = PBXFileReference; lastKnownFileType = sourcecode.swift; path = "제일작은수제거하기.swift"; sourceTree = "<group>"; };
		38636A4428E1A70F00B4E1AB /* 수박수박수.swift */ = {isa = PBXFileReference; lastKnownFileType = sourcecode.swift; path = "수박수박수.swift"; sourceTree = "<group>"; };
		38636A4628E1A72200B4E1AB /* 가운데글자가져오기.swift */ = {isa = PBXFileReference; lastKnownFileType = sourcecode.swift; path = "가운데글자가져오기.swift"; sourceTree = "<group>"; };
		38636A4928E1ADC000B4E1AB /* 없는숫자더하기.swift */ = {isa = PBXFileReference; lastKnownFileType = sourcecode.swift; path = "없는숫자더하기.swift"; sourceTree = "<group>"; };
		38636A4B28E1C12B00B4E1AB /* 내적.swift */ = {isa = PBXFileReference; lastKnownFileType = sourcecode.swift; path = "내적.swift"; sourceTree = "<group>"; };
		38636A5528E200A300B4E1AB /* 문자열내림차순으로배치하기.swift */ = {isa = PBXFileReference; lastKnownFileType = sourcecode.swift; path = "문자열내림차순으로배치하기.swift"; sourceTree = "<group>"; };
		38636A5728E203C000B4E1AB /* 문자열다루기기본.swift */ = {isa = PBXFileReference; lastKnownFileType = sourcecode.swift; path = "문자열다루기기본.swift"; sourceTree = "<group>"; };
		38636A5928E203D300B4E1AB /* 약수의개수와덧셈.swift */ = {isa = PBXFileReference; lastKnownFileType = sourcecode.swift; path = "약수의개수와덧셈.swift"; sourceTree = "<group>"; };
		38636A5B28E203D900B4E1AB /* 행렬의덧셈.swift */ = {isa = PBXFileReference; lastKnownFileType = sourcecode.swift; path = "행렬의덧셈.swift"; sourceTree = "<group>"; };
		38636A5D28E203E200B4E1AB /* 부족한금액계산하기.swift */ = {isa = PBXFileReference; lastKnownFileType = sourcecode.swift; path = "부족한금액계산하기.swift"; sourceTree = "<group>"; };
		38636A5F28E203EC00B4E1AB /* 직사각형별찍기.swift */ = {isa = PBXFileReference; lastKnownFileType = sourcecode.swift; path = "직사각형별찍기.swift"; sourceTree = "<group>"; };
		38636A6128E2C8F300B4E1AB /* 최대공약수와 최소공배수.swift */ = {isa = PBXFileReference; lastKnownFileType = sourcecode.swift; path = "최대공약수와 최소공배수.swift"; sourceTree = "<group>"; };
		38636A6328E2CB6000B4E1AB /* 이상한문자만들기.swift */ = {isa = PBXFileReference; lastKnownFileType = sourcecode.swift; path = "이상한문자만들기.swift"; sourceTree = "<group>"; };
		38636A6528E2E98C00B4E1AB /* 삼진법.swift */ = {isa = PBXFileReference; lastKnownFileType = sourcecode.swift; path = "삼진법.swift"; sourceTree = "<group>"; };
		38A5187C28E420F5003F1354 /* K번째수.swift */ = {isa = PBXFileReference; lastKnownFileType = sourcecode.swift; path = "K번째수.swift"; sourceTree = "<group>"; };
		38B0901928E4094C002458A1 /* 최소직사각형.swift */ = {isa = PBXFileReference; lastKnownFileType = sourcecode.swift; path = "최소직사각형.swift"; sourceTree = "<group>"; };
		38BC8FDE28D337770076D0CA /* SwiftPS */ = {isa = PBXFileReference; explicitFileType = "compiled.mach-o.executable"; includeInIndex = 0; path = SwiftPS; sourceTree = BUILT_PRODUCTS_DIR; };
		38BC8FE128D337770076D0CA /* main.swift */ = {isa = PBXFileReference; lastKnownFileType = sourcecode.swift; path = main.swift; sourceTree = "<group>"; };
		38D4114128E31D9C007566F6 /* 예산.swift */ = {isa = PBXFileReference; lastKnownFileType = sourcecode.swift; path = "예산.swift"; sourceTree = "<group>"; };
		38D4114328E31DBA007566F6 /* 시저암호.swift */ = {isa = PBXFileReference; lastKnownFileType = sourcecode.swift; path = "시저암호.swift"; sourceTree = "<group>"; };
		38D4114528E356AE007566F6 /* 비밀지도.swift */ = {isa = PBXFileReference; lastKnownFileType = sourcecode.swift; path = "비밀지도.swift"; sourceTree = "<group>"; };
		38F8CF1328DC6E9E00772D34 /* 정수내림차순으로배치하기.swift */ = {isa = PBXFileReference; lastKnownFileType = sourcecode.swift; path = "정수내림차순으로배치하기.swift"; sourceTree = "<group>"; };
/* End PBXFileReference section */

/* Begin PBXFrameworksBuildPhase section */
		38BC8FDB28D337770076D0CA /* Frameworks */ = {
			isa = PBXFrameworksBuildPhase;
			buildActionMask = 2147483647;
			files = (
			);
			runOnlyForDeploymentPostprocessing = 0;
		};
/* End PBXFrameworksBuildPhase section */

/* Begin PBXGroup section */
		380D7FA628E1657300B72D20 /* Level1 */ = {
			isa = PBXGroup;
			children = (
				38F8CF1328DC6E9E00772D34 /* 정수내림차순으로배치하기.swift */,
				380D7FA428E1638400B72D20 /* 약수의 합.swift */,
				380D7FA228E162DE00B72D20 /* 짝수와홀수.swift */,
				380D7FA728E167A500B72D20 /* 자릿수더하기.swift */,
				380D7FA928E1686B00B72D20 /* 자연수뒤집어배열로만들기.swift */,
				380D7FAD28E1730900B72D20 /* 평균구하기.swift */,
				380D7FAF28E1737500B72D20 /* 정수제곱근판별.swift */,
				38636A3628E17C4000B4E1AB /* 문자열내p와y의개수.swift */,
				38636A3828E18DD100B4E1AB /* x만큼간격이있는n개의숫자.swift */,
				38636A3A28E1908E00B4E1AB /* 콜라스추측.swift */,
				38636A3C28E195C000B4E1AB /* 두정수사이의합.swift */,
				38636A3E28E1979200B4E1AB /* 서울에서김서방찾기.swift */,
				38636A4028E199B700B4E1AB /* 핸드폰번호가리기.swift */,
				38636A4228E19DF400B4E1AB /* 제일작은수제거하기.swift */,
				38636A4428E1A70F00B4E1AB /* 수박수박수.swift */,
				38636A4628E1A72200B4E1AB /* 가운데글자가져오기.swift */,
				38636A4928E1ADC000B4E1AB /* 없는숫자더하기.swift */,
				38636A4B28E1C12B00B4E1AB /* 내적.swift */,
				38636A5528E200A300B4E1AB /* 문자열내림차순으로배치하기.swift */,
				38636A5728E203C000B4E1AB /* 문자열다루기기본.swift */,
				38636A5928E203D300B4E1AB /* 약수의개수와덧셈.swift */,
				38636A5B28E203D900B4E1AB /* 행렬의덧셈.swift */,
				38636A5D28E203E200B4E1AB /* 부족한금액계산하기.swift */,
				38636A5F28E203EC00B4E1AB /* 직사각형별찍기.swift */,
				38636A6128E2C8F300B4E1AB /* 최대공약수와 최소공배수.swift */,
				38636A6328E2CB6000B4E1AB /* 이상한문자만들기.swift */,
				38636A6528E2E98C00B4E1AB /* 삼진법.swift */,
				38D4114128E31D9C007566F6 /* 예산.swift */,
				38D4114328E31DBA007566F6 /* 시저암호.swift */,
				38D4114528E356AE007566F6 /* 비밀지도.swift */,
				38B0901928E4094C002458A1 /* 최소직사각형.swift */,
				38A5187C28E420F5003F1354 /* K번째수.swift */,
				3820C96C28E4A5A500D78F41 /* 숫자 문자열과 영단어.swift */,
				3820C96E28E4A5C800D78F41 /* 두개뽑아서더하기.swift */,
				3820C97028E4B28B00D78F41 /* 2016년.swift */,
				38579B0028E55AF500E978AE /* 모의고사.swift */,
				38579B0228E568CA00E978AE /* 소수만들기.swift */,
				38579B0728E5E31700E978AE /* 실패율.swift */,
				38579B0428E5E30400E978AE /* 다트게임.swift */,
				38579B0928E5FE0900E978AE /* 로또최고순위와최저순위.swift */,
				38512A1A28E6BA700083F4A5 /* 체육복.swift */,
				38512A1C28E6CA7C0083F4A5 /* 키패드누르기.swift */,
				38512A1E28E6CA880083F4A5 /* 크레인인형뽑기게임.swift */,
				38512A2028E705B10083F4A5 /* 성격유형검사하기.swift */,
				38512A2428E708760083F4A5 /* 신규아이디추천.swift */,
				38512A2228E708520083F4A5 /* 신고결과받기.swift */,
			);
			path = Level1;
			sourceTree = "<group>";
		};
		38512A2628E708C10083F4A5 /* Level2 */ = {
			isa = PBXGroup;
			children = (
				38512A2728E708D50083F4A5 /* 최대값과 최솟값.swift */,
				38512A2928E70EB30083F4A5 /* JadenCase문자열만들기.swift */,
				38512A2D28E71A090083F4A5 /* 최솟값만들기.swift */,
				38512A2F28E71A170083F4A5 /* 이진변환반복하기.swift */,
				38512A3128E822370083F4A5 /* 올바른괄호.swift */,
				38512A3328E85CF80083F4A5 /* 피보나치수.swift */,
				38512A3528E861CF0083F4A5 /* 다음큰숫자.swift */,
				38512A3928E87A430083F4A5 /* 카펫.swift */,
				38512A3728E87A230083F4A5 /* 영어끝말잇기.swift */,
				38512A3B28E87A560083F4A5 /* 짝지어제거하기.swift */,
				38512A3D28E884D90083F4A5 /* N개의최소공배수.swift */,
				38512A3F28E8895D0083F4A5 /* 예상대진표.swift */,
				38512A4328E9676C0083F4A5 /* 멀리뛰기.swift */,
				38512A4128E9675B0083F4A5 /* 점프와순간이동.swift */,
				38512A4628E976110083F4A5 /* 캐시.swift */,
				38512A4828E9761C0083F4A5 /* 행렬곱셈.swift */,
				38512A4A28E98DAF0083F4A5 /* H-index.swift */,
				38512A4C28E9E7520083F4A5 /* 괄호회전하기.swift */,
				38512A4E28E9E7690083F4A5 /* 튜플.swift */,
				38512A5028E9F7890083F4A5 /* n^2배열자르기.swift */,
				3862951328EC14E300BB639B /* 위장.swift */,
				3862951528EC339000BB639B /* 기능개발.swift */,
				3862951728EC33B100BB639B /* 프린터.swift */,
				3862951928EC537300BB639B /* k진수에서 소수개수 구하기.swift */,
				3862951B28EC5A5600BB639B /* 뉴스클러스터링.swift */,
				3862951D28ED455600BB639B /* 주차 요금 계산.swift */,
				3862951F28ED81AD00BB639B /* 타겟넘버.swift */,
				3862952128ED8A0D00BB639B /* 압축.swift */,
				3862952328EDD7C600BB639B /* N진수게임.swift */,
				3862954528F0045000BB639B /* 프렌즈4블록.swift */,
				3862954728F00D3800BB639B /* 피로도.swift */,
				3862954F28F0679C00BB639B /* 땅따먹기.swift */,
				3862954928F012EC00BB639B /* 스킬트리.swift */,
				3862954B28F0178400BB639B /* 파일명정렬.swift */,
				3862954D28F0179300BB639B /* 2개 이하로 다른 비트.swift */,
				3862955128F0764600BB639B /* 방문길이.swift */,
				3862955328F0971300BB639B /* 모음사전.swift */,
				3862955528F1472700BB639B /* 가장큰수.swift */,
			);
			path = Level2;
			sourceTree = "<group>";
		};
		38BC8FD528D337770076D0CA = {
			isa = PBXGroup;
			children = (
				38BC8FE028D337770076D0CA /* SwiftPS */,
				38BC8FDF28D337770076D0CA /* Products */,
			);
			sourceTree = "<group>";
		};
		38BC8FDF28D337770076D0CA /* Products */ = {
			isa = PBXGroup;
			children = (
				38BC8FDE28D337770076D0CA /* SwiftPS */,
			);
			name = Products;
			sourceTree = "<group>";
		};
		38BC8FE028D337770076D0CA /* SwiftPS */ = {
			isa = PBXGroup;
			children = (
				38BC8FE128D337770076D0CA /* main.swift */,
				380D7FA628E1657300B72D20 /* Level1 */,
				38512A2628E708C10083F4A5 /* Level2 */,
			);
			path = SwiftPS;
			sourceTree = "<group>";
		};
/* End PBXGroup section */

/* Begin PBXNativeTarget section */
		38BC8FDD28D337770076D0CA /* SwiftPS */ = {
			isa = PBXNativeTarget;
			buildConfigurationList = 38BC8FE528D337770076D0CA /* Build configuration list for PBXNativeTarget "SwiftPS" */;
			buildPhases = (
				38BC8FDA28D337770076D0CA /* Sources */,
				38BC8FDB28D337770076D0CA /* Frameworks */,
				38BC8FDC28D337770076D0CA /* CopyFiles */,
			);
			buildRules = (
			);
			dependencies = (
			);
			name = SwiftPS;
			productName = SwiftPS;
			productReference = 38BC8FDE28D337770076D0CA /* SwiftPS */;
			productType = "com.apple.product-type.tool";
		};
/* End PBXNativeTarget section */

/* Begin PBXProject section */
		38BC8FD628D337770076D0CA /* Project object */ = {
			isa = PBXProject;
			attributes = {
				BuildIndependentTargetsInParallel = 1;
				LastSwiftUpdateCheck = 1400;
				LastUpgradeCheck = 1400;
				TargetAttributes = {
					38BC8FDD28D337770076D0CA = {
						CreatedOnToolsVersion = 14.0;
					};
				};
			};
			buildConfigurationList = 38BC8FD928D337770076D0CA /* Build configuration list for PBXProject "SwiftPS" */;
			compatibilityVersion = "Xcode 14.0";
			developmentRegion = en;
			hasScannedForEncodings = 0;
			knownRegions = (
				en,
				Base,
			);
			mainGroup = 38BC8FD528D337770076D0CA;
			productRefGroup = 38BC8FDF28D337770076D0CA /* Products */;
			projectDirPath = "";
			projectRoot = "";
			targets = (
				38BC8FDD28D337770076D0CA /* SwiftPS */,
			);
		};
/* End PBXProject section */

/* Begin PBXSourcesBuildPhase section */
		38BC8FDA28D337770076D0CA /* Sources */ = {
			isa = PBXSourcesBuildPhase;
			buildActionMask = 2147483647;
			files = (
				38579B0628E5E31100E978AE /* main.swift in Sources */,
			);
			runOnlyForDeploymentPostprocessing = 0;
		};
/* End PBXSourcesBuildPhase section */

/* Begin XCBuildConfiguration section */
		38BC8FE328D337770076D0CA /* Debug */ = {
			isa = XCBuildConfiguration;
			buildSettings = {
				ALWAYS_SEARCH_USER_PATHS = NO;
				CLANG_ANALYZER_NONNULL = YES;
				CLANG_ANALYZER_NUMBER_OBJECT_CONVERSION = YES_AGGRESSIVE;
				CLANG_CXX_LANGUAGE_STANDARD = "gnu++20";
				CLANG_ENABLE_MODULES = YES;
				CLANG_ENABLE_OBJC_ARC = YES;
				CLANG_ENABLE_OBJC_WEAK = YES;
				CLANG_WARN_BLOCK_CAPTURE_AUTORELEASING = YES;
				CLANG_WARN_BOOL_CONVERSION = YES;
				CLANG_WARN_COMMA = YES;
				CLANG_WARN_CONSTANT_CONVERSION = YES;
				CLANG_WARN_DEPRECATED_OBJC_IMPLEMENTATIONS = YES;
				CLANG_WARN_DIRECT_OBJC_ISA_USAGE = YES_ERROR;
				CLANG_WARN_DOCUMENTATION_COMMENTS = YES;
				CLANG_WARN_EMPTY_BODY = YES;
				CLANG_WARN_ENUM_CONVERSION = YES;
				CLANG_WARN_INFINITE_RECURSION = YES;
				CLANG_WARN_INT_CONVERSION = YES;
				CLANG_WARN_NON_LITERAL_NULL_CONVERSION = YES;
				CLANG_WARN_OBJC_IMPLICIT_RETAIN_SELF = YES;
				CLANG_WARN_OBJC_LITERAL_CONVERSION = YES;
				CLANG_WARN_OBJC_ROOT_CLASS = YES_ERROR;
				CLANG_WARN_QUOTED_INCLUDE_IN_FRAMEWORK_HEADER = YES;
				CLANG_WARN_RANGE_LOOP_ANALYSIS = YES;
				CLANG_WARN_STRICT_PROTOTYPES = YES;
				CLANG_WARN_SUSPICIOUS_MOVE = YES;
				CLANG_WARN_UNGUARDED_AVAILABILITY = YES_AGGRESSIVE;
				CLANG_WARN_UNREACHABLE_CODE = YES;
				CLANG_WARN__DUPLICATE_METHOD_MATCH = YES;
				COPY_PHASE_STRIP = NO;
				DEBUG_INFORMATION_FORMAT = dwarf;
				ENABLE_STRICT_OBJC_MSGSEND = YES;
				ENABLE_TESTABILITY = YES;
				GCC_C_LANGUAGE_STANDARD = gnu11;
				GCC_DYNAMIC_NO_PIC = NO;
				GCC_NO_COMMON_BLOCKS = YES;
				GCC_OPTIMIZATION_LEVEL = 0;
				GCC_PREPROCESSOR_DEFINITIONS = (
					"DEBUG=1",
					"$(inherited)",
				);
				GCC_WARN_64_TO_32_BIT_CONVERSION = YES;
				GCC_WARN_ABOUT_RETURN_TYPE = YES_ERROR;
				GCC_WARN_UNDECLARED_SELECTOR = YES;
				GCC_WARN_UNINITIALIZED_AUTOS = YES_AGGRESSIVE;
				GCC_WARN_UNUSED_FUNCTION = YES;
				GCC_WARN_UNUSED_VARIABLE = YES;
				MACOSX_DEPLOYMENT_TARGET = 12.3;
				MTL_ENABLE_DEBUG_INFO = INCLUDE_SOURCE;
				MTL_FAST_MATH = YES;
				ONLY_ACTIVE_ARCH = YES;
				SDKROOT = macosx;
				SWIFT_ACTIVE_COMPILATION_CONDITIONS = DEBUG;
				SWIFT_OPTIMIZATION_LEVEL = "-Onone";
			};
			name = Debug;
		};
		38BC8FE428D337770076D0CA /* Release */ = {
			isa = XCBuildConfiguration;
			buildSettings = {
				ALWAYS_SEARCH_USER_PATHS = NO;
				CLANG_ANALYZER_NONNULL = YES;
				CLANG_ANALYZER_NUMBER_OBJECT_CONVERSION = YES_AGGRESSIVE;
				CLANG_CXX_LANGUAGE_STANDARD = "gnu++20";
				CLANG_ENABLE_MODULES = YES;
				CLANG_ENABLE_OBJC_ARC = YES;
				CLANG_ENABLE_OBJC_WEAK = YES;
				CLANG_WARN_BLOCK_CAPTURE_AUTORELEASING = YES;
				CLANG_WARN_BOOL_CONVERSION = YES;
				CLANG_WARN_COMMA = YES;
				CLANG_WARN_CONSTANT_CONVERSION = YES;
				CLANG_WARN_DEPRECATED_OBJC_IMPLEMENTATIONS = YES;
				CLANG_WARN_DIRECT_OBJC_ISA_USAGE = YES_ERROR;
				CLANG_WARN_DOCUMENTATION_COMMENTS = YES;
				CLANG_WARN_EMPTY_BODY = YES;
				CLANG_WARN_ENUM_CONVERSION = YES;
				CLANG_WARN_INFINITE_RECURSION = YES;
				CLANG_WARN_INT_CONVERSION = YES;
				CLANG_WARN_NON_LITERAL_NULL_CONVERSION = YES;
				CLANG_WARN_OBJC_IMPLICIT_RETAIN_SELF = YES;
				CLANG_WARN_OBJC_LITERAL_CONVERSION = YES;
				CLANG_WARN_OBJC_ROOT_CLASS = YES_ERROR;
				CLANG_WARN_QUOTED_INCLUDE_IN_FRAMEWORK_HEADER = YES;
				CLANG_WARN_RANGE_LOOP_ANALYSIS = YES;
				CLANG_WARN_STRICT_PROTOTYPES = YES;
				CLANG_WARN_SUSPICIOUS_MOVE = YES;
				CLANG_WARN_UNGUARDED_AVAILABILITY = YES_AGGRESSIVE;
				CLANG_WARN_UNREACHABLE_CODE = YES;
				CLANG_WARN__DUPLICATE_METHOD_MATCH = YES;
				COPY_PHASE_STRIP = NO;
				DEBUG_INFORMATION_FORMAT = "dwarf-with-dsym";
				ENABLE_NS_ASSERTIONS = NO;
				ENABLE_STRICT_OBJC_MSGSEND = YES;
				GCC_C_LANGUAGE_STANDARD = gnu11;
				GCC_NO_COMMON_BLOCKS = YES;
				GCC_WARN_64_TO_32_BIT_CONVERSION = YES;
				GCC_WARN_ABOUT_RETURN_TYPE = YES_ERROR;
				GCC_WARN_UNDECLARED_SELECTOR = YES;
				GCC_WARN_UNINITIALIZED_AUTOS = YES_AGGRESSIVE;
				GCC_WARN_UNUSED_FUNCTION = YES;
				GCC_WARN_UNUSED_VARIABLE = YES;
				MACOSX_DEPLOYMENT_TARGET = 12.3;
				MTL_ENABLE_DEBUG_INFO = NO;
				MTL_FAST_MATH = YES;
				SDKROOT = macosx;
				SWIFT_COMPILATION_MODE = wholemodule;
				SWIFT_OPTIMIZATION_LEVEL = "-O";
			};
			name = Release;
		};
		38BC8FE628D337770076D0CA /* Debug */ = {
			isa = XCBuildConfiguration;
			buildSettings = {
				CODE_SIGN_STYLE = Automatic;
				DEVELOPMENT_TEAM = W33KAJ3UKZ;
				ENABLE_HARDENED_RUNTIME = YES;
				PRODUCT_NAME = "$(TARGET_NAME)";
				SWIFT_VERSION = 5.0;
			};
			name = Debug;
		};
		38BC8FE728D337770076D0CA /* Release */ = {
			isa = XCBuildConfiguration;
			buildSettings = {
				CODE_SIGN_STYLE = Automatic;
				DEVELOPMENT_TEAM = W33KAJ3UKZ;
				ENABLE_HARDENED_RUNTIME = YES;
				PRODUCT_NAME = "$(TARGET_NAME)";
				SWIFT_VERSION = 5.0;
			};
			name = Release;
		};
/* End XCBuildConfiguration section */

/* Begin XCConfigurationList section */
		38BC8FD928D337770076D0CA /* Build configuration list for PBXProject "SwiftPS" */ = {
			isa = XCConfigurationList;
			buildConfigurations = (
				38BC8FE328D337770076D0CA /* Debug */,
				38BC8FE428D337770076D0CA /* Release */,
			);
			defaultConfigurationIsVisible = 0;
			defaultConfigurationName = Release;
		};
		38BC8FE528D337770076D0CA /* Build configuration list for PBXNativeTarget "SwiftPS" */ = {
			isa = XCConfigurationList;
			buildConfigurations = (
				38BC8FE628D337770076D0CA /* Debug */,
				38BC8FE728D337770076D0CA /* Release */,
			);
			defaultConfigurationIsVisible = 0;
			defaultConfigurationName = Release;
		};
/* End XCConfigurationList section */
	};
	rootObject = 38BC8FD628D337770076D0CA /* Project object */;
}
